
Microsoft Visual Studio Solution File, Format Version 12.00
# Visual Studio Version 16
VisualStudioVersion = 16.0.32802.440
MinimumVisualStudioVersion = 10.0.40219.1
Project("{FAE04EC0-301F-11D3-BF4B-00C04F79EFBC}") = "DataFillingPoject", "DataFillingPoject\DataFillingPoject.csproj", "{219D661E-AD0A-4D68-8CC4-2391A2A5A0AA}"
EndProject
Global
	GlobalSection(SolutionConfigurationPlatforms) = preSolution
		Debug|Any CPU = Debug|Any CPU
		Release|Any CPU = Release|Any CPU
	EndGlobalSection
	GlobalSection(ProjectConfigurationPlatforms) = postSolution
		{219D661E-AD0A-4D68-8CC4-2391A2A5A0AA}.Debug|Any CPU.ActiveCfg = Debug|Any CPU
		{219D661E-AD0A-4D68-8CC4-2391A2A5A0AA}.Debug|Any CPU.Build.0 = Debug|Any CPU
		{219D661E-AD0A-4D68-8CC4-2391A2A5A0AA}.Release|Any CPU.ActiveCfg = Release|Any CPU
		{219D661E-AD0A-4D68-8CC4-2391A2A5A0AA}.Release|Any CPU.Build.0 = Release|Any CPU
	EndGlobalSection
	GlobalSection(SolutionProperties) = preSolution
		HideSolutionNode = FALSE
	EndGlobalSection
	GlobalSection(ExtensibilityGlobals) = postSolution
		SolutionGuid = {8ED53B19-75C1-4552-A6E2-5CD8A9286F0B}
	EndGlobalSection
EndGlobal
